
Microsoft Visual Studio Solution File, Format Version 12.00
# Visual Studio Version 17
VisualStudioVersion = 17.0.31903.59
MinimumVisualStudioVersion = 10.0.40219.1
Project("{F2A71F9B-5D33-465A-A702-920D77279786}") = "Fray.Root", "Fray.Root\Fray.Root.fsproj", "{EA35A3C3-9976-4CAC-9FF8-00BBCA0CD556}"
EndProject
Project("{FAE04EC0-301F-11D3-BF4B-00C04F79EFBC}") = "Fray.Command", "Fray.Command\Fray.Command.csproj", "{DB17988F-A0C3-4B55-AFAA-FA0037359F76}"
EndProject
Project("{F2A71F9B-5D33-465A-A702-920D77279786}") = "Fray", "Fray\Fray.fsproj", "{87690746-D120-414E-8005-172E24F24233}"
EndProject
Global
	GlobalSection(SolutionConfigurationPlatforms) = preSolution
		Debug|Any CPU = Debug|Any CPU
		Debug|x64 = Debug|x64
		Debug|x86 = Debug|x86
		Release|Any CPU = Release|Any CPU
		Release|x64 = Release|x64
		Release|x86 = Release|x86
	EndGlobalSection
	GlobalSection(ProjectConfigurationPlatforms) = postSolution
		{EA35A3C3-9976-4CAC-9FF8-00BBCA0CD556}.Debug|Any CPU.ActiveCfg = Debug|Any CPU
		{EA35A3C3-9976-4CAC-9FF8-00BBCA0CD556}.Debug|Any CPU.Build.0 = Debug|Any CPU
		{EA35A3C3-9976-4CAC-9FF8-00BBCA0CD556}.Debug|x64.ActiveCfg = Debug|Any CPU
		{EA35A3C3-9976-4CAC-9FF8-00BBCA0CD556}.Debug|x64.Build.0 = Debug|Any CPU
		{EA35A3C3-9976-4CAC-9FF8-00BBCA0CD556}.Debug|x86.ActiveCfg = Debug|Any CPU
		{EA35A3C3-9976-4CAC-9FF8-00BBCA0CD556}.Debug|x86.Build.0 = Debug|Any CPU
		{EA35A3C3-9976-4CAC-9FF8-00BBCA0CD556}.Release|Any CPU.ActiveCfg = Release|Any CPU
		{EA35A3C3-9976-4CAC-9FF8-00BBCA0CD556}.Release|Any CPU.Build.0 = Release|Any CPU
		{EA35A3C3-9976-4CAC-9FF8-00BBCA0CD556}.Release|x64.ActiveCfg = Release|Any CPU
		{EA35A3C3-9976-4CAC-9FF8-00BBCA0CD556}.Release|x64.Build.0 = Release|Any CPU
		{EA35A3C3-9976-4CAC-9FF8-00BBCA0CD556}.Release|x86.ActiveCfg = Release|Any CPU
		{EA35A3C3-9976-4CAC-9FF8-00BBCA0CD556}.Release|x86.Build.0 = Release|Any CPU
		{DB17988F-A0C3-4B55-AFAA-FA0037359F76}.Debug|Any CPU.ActiveCfg = Debug|Any CPU
		{DB17988F-A0C3-4B55-AFAA-FA0037359F76}.Debug|Any CPU.Build.0 = Debug|Any CPU
		{DB17988F-A0C3-4B55-AFAA-FA0037359F76}.Debug|x64.ActiveCfg = Debug|Any CPU
		{DB17988F-A0C3-4B55-AFAA-FA0037359F76}.Debug|x64.Build.0 = Debug|Any CPU
		{DB17988F-A0C3-4B55-AFAA-FA0037359F76}.Debug|x86.ActiveCfg = Debug|Any CPU
		{DB17988F-A0C3-4B55-AFAA-FA0037359F76}.Debug|x86.Build.0 = Debug|Any CPU
		{DB17988F-A0C3-4B55-AFAA-FA0037359F76}.Release|Any CPU.ActiveCfg = Release|Any CPU
		{DB17988F-A0C3-4B55-AFAA-FA0037359F76}.Release|Any CPU.Build.0 = Release|Any CPU
		{DB17988F-A0C3-4B55-AFAA-FA0037359F76}.Release|x64.ActiveCfg = Release|Any CPU
		{DB17988F-A0C3-4B55-AFAA-FA0037359F76}.Release|x64.Build.0 = Release|Any CPU
		{DB17988F-A0C3-4B55-AFAA-FA0037359F76}.Release|x86.ActiveCfg = Release|Any CPU
		{DB17988F-A0C3-4B55-AFAA-FA0037359F76}.Release|x86.Build.0 = Release|Any CPU
		{87690746-D120-414E-8005-172E24F24233}.Debug|Any CPU.ActiveCfg = Debug|Any CPU
		{87690746-D120-414E-8005-172E24F24233}.Debug|Any CPU.Build.0 = Debug|Any CPU
		{87690746-D120-414E-8005-172E24F24233}.Debug|x64.ActiveCfg = Debug|Any CPU
		{87690746-D120-414E-8005-172E24F24233}.Debug|x64.Build.0 = Debug|Any CPU
		{87690746-D120-414E-8005-172E24F24233}.Debug|x86.ActiveCfg = Debug|Any CPU
		{87690746-D120-414E-8005-172E24F24233}.Debug|x86.Build.0 = Debug|Any CPU
		{87690746-D120-414E-8005-172E24F24233}.Release|Any CPU.ActiveCfg = Release|Any CPU
		{87690746-D120-414E-8005-172E24F24233}.Release|Any CPU.Build.0 = Release|Any CPU
		{87690746-D120-414E-8005-172E24F24233}.Release|x64.ActiveCfg = Release|Any CPU
		{87690746-D120-414E-8005-172E24F24233}.Release|x64.Build.0 = Release|Any CPU
		{87690746-D120-414E-8005-172E24F24233}.Release|x86.ActiveCfg = Release|Any CPU
		{87690746-D120-414E-8005-172E24F24233}.Release|x86.Build.0 = Release|Any CPU
	EndGlobalSection
	GlobalSection(SolutionProperties) = preSolution
		HideSolutionNode = FALSE
	EndGlobalSection
EndGlobal
